
Microsoft Visual Studio Solution File, Format Version 12.00
# Visual Studio 15
VisualStudioVersion = 15.0.28307.902
MinimumVisualStudioVersion = 10.0.40219.1
Project("{FAE04EC0-301F-11D3-BF4B-00C04F79EFBC}") = "TDD_REST_Web_Service", "TDD_REST_Web_Service\TDD_REST_Web_Service.csproj", "{D14C750D-EEC6-44B6-BDD7-7E7EE90751D6}"
EndProject
Project("{FAE04EC0-301F-11D3-BF4B-00C04F79EFBC}") = "UnitTestProject", "UnitTestProject\UnitTestProject.csproj", "{C12B6643-091F-4F54-A5D7-53620F0DE9EA}"
EndProject
Global
	GlobalSection(SolutionConfigurationPlatforms) = preSolution
		Debug|Any CPU = Debug|Any CPU
		Release|Any CPU = Release|Any CPU
	EndGlobalSection
	GlobalSection(ProjectConfigurationPlatforms) = postSolution
		{D14C750D-EEC6-44B6-BDD7-7E7EE90751D6}.Debug|Any CPU.ActiveCfg = Debug|Any CPU
		{D14C750D-EEC6-44B6-BDD7-7E7EE90751D6}.Debug|Any CPU.Build.0 = Debug|Any CPU
		{D14C750D-EEC6-44B6-BDD7-7E7EE90751D6}.Release|Any CPU.ActiveCfg = Release|Any CPU
		{D14C750D-EEC6-44B6-BDD7-7E7EE90751D6}.Release|Any CPU.Build.0 = Release|Any CPU
		{C12B6643-091F-4F54-A5D7-53620F0DE9EA}.Debug|Any CPU.ActiveCfg = Debug|Any CPU
		{C12B6643-091F-4F54-A5D7-53620F0DE9EA}.Debug|Any CPU.Build.0 = Debug|Any CPU
		{C12B6643-091F-4F54-A5D7-53620F0DE9EA}.Release|Any CPU.ActiveCfg = Release|Any CPU
		{C12B6643-091F-4F54-A5D7-53620F0DE9EA}.Release|Any CPU.Build.0 = Release|Any CPU
	EndGlobalSection
	GlobalSection(SolutionProperties) = preSolution
		HideSolutionNode = FALSE
	EndGlobalSection
	GlobalSection(ExtensibilityGlobals) = postSolution
		SolutionGuid = {E98CBE34-301B-4DF7-9ED1-08A024E8E70C}
	EndGlobalSection
EndGlobal
